// !$*UTF8*$!
{
	archiveVersion = 1;
	classes = {
	};
	objectVersion = 55;
	objects = {

/* Begin PBXBuildFile section */
		4108911C2AAF241D0056AECE /* main.swift in Sources */ = {isa = PBXBuildFile; fileRef = 4108911B2AAF241D0056AECE /* main.swift */; };
		4108911E2AAF24430056AECE /* AppCoordinator.swift in Sources */ = {isa = PBXBuildFile; fileRef = 4108911D2AAF24430056AECE /* AppCoordinator.swift */; };
		410891242AAF28180056AECE /* LoginViewController.swift in Sources */ = {isa = PBXBuildFile; fileRef = 410891232AAF28180056AECE /* LoginViewController.swift */; };
		410891262AAF28200056AECE /* LoginViewController.xib in Resources */ = {isa = PBXBuildFile; fileRef = 410891252AAF28200056AECE /* LoginViewController.xib */; };
		410891282AAF283E0056AECE /* LoginPresenter.swift in Sources */ = {isa = PBXBuildFile; fileRef = 410891272AAF283E0056AECE /* LoginPresenter.swift */; };
		4108912B2AAF2FA20056AECE /* EmailValidator.swift in Sources */ = {isa = PBXBuildFile; fileRef = 4108912A2AAF2FA10056AECE /* EmailValidator.swift */; };
		4108912D2AAF306C0056AECE /* LoginViewModel.swift in Sources */ = {isa = PBXBuildFile; fileRef = 4108912C2AAF306C0056AECE /* LoginViewModel.swift */; };
		410891332AAF31B20056AECE /* TextSource.swift in Sources */ = {isa = PBXBuildFile; fileRef = 410891302AAF31B20056AECE /* TextSource.swift */; };
		410891342AAF31B20056AECE /* ImageSource.swift in Sources */ = {isa = PBXBuildFile; fileRef = 410891312AAF31B20056AECE /* ImageSource.swift */; };
		410891392AAF31BC0056AECE /* UIImage+Additions.swift in Sources */ = {isa = PBXBuildFile; fileRef = 410891372AAF31BC0056AECE /* UIImage+Additions.swift */; };
		4108913A2AAF31BC0056AECE /* String+Additions.swift in Sources */ = {isa = PBXBuildFile; fileRef = 410891382AAF31BC0056AECE /* String+Additions.swift */; };
		4108913D2AAF31F10056AECE /* AssetProviderProtocol.swift in Sources */ = {isa = PBXBuildFile; fileRef = 4108913C2AAF31F10056AECE /* AssetProviderProtocol.swift */; };
		4108913F2AAF361D0056AECE /* UIButton+Additions.swift in Sources */ = {isa = PBXBuildFile; fileRef = 4108913E2AAF361D0056AECE /* UIButton+Additions.swift */; };
		410891412AAF39690056AECE /* KeyboardHandlerProtocol.swift in Sources */ = {isa = PBXBuildFile; fileRef = 410891402AAF39690056AECE /* KeyboardHandlerProtocol.swift */; };
		410891442AAF39F60056AECE /* LoginFlowCoordinator.swift in Sources */ = {isa = PBXBuildFile; fileRef = 410891432AAF39F60056AECE /* LoginFlowCoordinator.swift */; };
		410891462AAF3A280056AECE /* AssetProvider.swift in Sources */ = {isa = PBXBuildFile; fileRef = 410891452AAF3A280056AECE /* AssetProvider.swift */; };
		410891482AAF3A5A0056AECE /* FlowCoordinator.swift in Sources */ = {isa = PBXBuildFile; fileRef = 410891472AAF3A5A0056AECE /* FlowCoordinator.swift */; };
		4108914A2AAF6CBB0056AECE /* GenericError.swift in Sources */ = {isa = PBXBuildFile; fileRef = 410891492AAF6CBB0056AECE /* GenericError.swift */; };
		4108914C2AAFBC650056AECE /* Theme.swift in Sources */ = {isa = PBXBuildFile; fileRef = 4108914B2AAFBC650056AECE /* Theme.swift */; };
		4108914F2AAFBCA30056AECE /* UITextField+Additions.swift in Sources */ = {isa = PBXBuildFile; fileRef = 4108914E2AAFBCA30056AECE /* UITextField+Additions.swift */; };
		410891512AAFBD930056AECE /* UIButton+Styling.swift in Sources */ = {isa = PBXBuildFile; fileRef = 410891502AAFBD930056AECE /* UIButton+Styling.swift */; };
		410891532AAFBED10056AECE /* NSAttributedString+Additions.swift in Sources */ = {isa = PBXBuildFile; fileRef = 410891522AAFBED10056AECE /* NSAttributedString+Additions.swift */; };
		4132C6AA2AB0720600C00795 /* ProductsFlowCoordinator.swift in Sources */ = {isa = PBXBuildFile; fileRef = 4132C6A92AB0720600C00795 /* ProductsFlowCoordinator.swift */; };
		4132C6AC2AB072CE00C00795 /* ProductsViewController.swift in Sources */ = {isa = PBXBuildFile; fileRef = 4132C6AB2AB072CE00C00795 /* ProductsViewController.swift */; };
		4132C6B02AB0738E00C00795 /* ProductTableViewCell.swift in Sources */ = {isa = PBXBuildFile; fileRef = 4132C6AF2AB0738E00C00795 /* ProductTableViewCell.swift */; };
		4132C6B22AB0901400C00795 /* ProductCellViewModel.swift in Sources */ = {isa = PBXBuildFile; fileRef = 4132C6B12AB0901400C00795 /* ProductCellViewModel.swift */; };
		4132C6B62AB0BAE400C00795 /* ProductTableViewCell.xib in Resources */ = {isa = PBXBuildFile; fileRef = 4132C6B52AB0BAE400C00795 /* ProductTableViewCell.xib */; };
		4132C6B82AB0BD4500C00795 /* ProductsPresenter.swift in Sources */ = {isa = PBXBuildFile; fileRef = 4132C6B72AB0BD4500C00795 /* ProductsPresenter.swift */; };
		4132C6BA2AB0BF3500C00795 /* ProductsViewModel.swift in Sources */ = {isa = PBXBuildFile; fileRef = 4132C6B92AB0BF3500C00795 /* ProductsViewModel.swift */; };
		4132C6BC2AB1B9EC00C00795 /* ProductsViewController.xib in Resources */ = {isa = PBXBuildFile; fileRef = 4132C6BB2AB1B9EC00C00795 /* ProductsViewController.xib */; };
		4132C6BE2AB1D9D900C00795 /* Identifiable.swift in Sources */ = {isa = PBXBuildFile; fileRef = 4132C6BD2AB1D9D900C00795 /* Identifiable.swift */; };
		4132C6C02AB1DA6D00C00795 /* UITableView+Additions.swift in Sources */ = {isa = PBXBuildFile; fileRef = 4132C6BF2AB1DA6D00C00795 /* UITableView+Additions.swift */; };
		4132C6C22AB303F200C00795 /* UIColor+Additions.swift in Sources */ = {isa = PBXBuildFile; fileRef = 4132C6C12AB303F200C00795 /* UIColor+Additions.swift */; };
		4132C6C52AB3155D00C00795 /* ProductsViewModelTests.swift in Sources */ = {isa = PBXBuildFile; fileRef = 4132C6C42AB3155D00C00795 /* ProductsViewModelTests.swift */; };
		417DC9732AB9F7D0003636A3 /* AppDelegate.swift in Sources */ = {isa = PBXBuildFile; fileRef = 417DC9722AB9F7D0003636A3 /* AppDelegate.swift */; };
		417DC9762AB9F908003636A3 /* AccountViewController.swift in Sources */ = {isa = PBXBuildFile; fileRef = 417DC9752AB9F908003636A3 /* AccountViewController.swift */; };
		417DC9782AB9F910003636A3 /* AccountViewController.xib in Resources */ = {isa = PBXBuildFile; fileRef = 417DC9772AB9F910003636A3 /* AccountViewController.xib */; };
		417DC97A2AB9F91D003636A3 /* AccountPresenter.swift in Sources */ = {isa = PBXBuildFile; fileRef = 417DC9792AB9F91D003636A3 /* AccountPresenter.swift */; };
		417DC97C2AB9F927003636A3 /* AccountViewModel.swift in Sources */ = {isa = PBXBuildFile; fileRef = 417DC97B2AB9F927003636A3 /* AccountViewModel.swift */; };
		417DC97E2ABA037E003636A3 /* NumberFormatter+Additions.swift in Sources */ = {isa = PBXBuildFile; fileRef = 417DC97D2ABA037E003636A3 /* NumberFormatter+Additions.swift */; };
		417DC9802ABA1184003636A3 /* AccountViewModelTests.swift in Sources */ = {isa = PBXBuildFile; fileRef = 417DC97F2ABA1184003636A3 /* AccountViewModelTests.swift */; };
		B26EF47828881E7F003BFDF2 /* Networking in Frameworks */ = {isa = PBXBuildFile; productRef = B26EF47728881E7F003BFDF2 /* Networking */; };
		B2CA46D52793508A0041B3A5 /* Assets.xcassets in Resources */ = {isa = PBXBuildFile; fileRef = B2CA46D42793508A0041B3A5 /* Assets.xcassets */; };
		B2CA46D82793508A0041B3A5 /* LaunchScreen.storyboard in Resources */ = {isa = PBXBuildFile; fileRef = B2CA46D62793508A0041B3A5 /* LaunchScreen.storyboard */; };
		B2CA47672794D69A0041B3A5 /* StubData.swift in Sources */ = {isa = PBXBuildFile; fileRef = B2CA47662794D69A0041B3A5 /* StubData.swift */; };
		B2CA47712794D8E50041B3A5 /* LoginSucceed.json in Resources */ = {isa = PBXBuildFile; fileRef = B2CA47692794D6D70041B3A5 /* LoginSucceed.json */; };
		B2CA47B42796052F0041B3A5 /* Accounts.json in Resources */ = {isa = PBXBuildFile; fileRef = B2CA47B2279604A10041B3A5 /* Accounts.json */; };
/* End PBXBuildFile section */

/* Begin PBXContainerItemProxy section */
		B2CA46DF2793508A0041B3A5 /* PBXContainerItemProxy */ = {
			isa = PBXContainerItemProxy;
			containerPortal = B2CA46C0279350880041B3A5 /* Project object */;
			proxyType = 1;
			remoteGlobalIDString = B2CA46C7279350880041B3A5;
			remoteInfo = MoneyBox;
		};
/* End PBXContainerItemProxy section */

/* Begin PBXFileReference section */
		4108911B2AAF241D0056AECE /* main.swift */ = {isa = PBXFileReference; fileEncoding = 4; lastKnownFileType = sourcecode.swift; path = main.swift; sourceTree = "<group>"; };
		4108911D2AAF24430056AECE /* AppCoordinator.swift */ = {isa = PBXFileReference; fileEncoding = 4; lastKnownFileType = sourcecode.swift; path = AppCoordinator.swift; sourceTree = "<group>"; };
		410891232AAF28180056AECE /* LoginViewController.swift */ = {isa = PBXFileReference; lastKnownFileType = sourcecode.swift; path = LoginViewController.swift; sourceTree = "<group>"; };
		410891252AAF28200056AECE /* LoginViewController.xib */ = {isa = PBXFileReference; lastKnownFileType = file.xib; path = LoginViewController.xib; sourceTree = "<group>"; };
		410891272AAF283E0056AECE /* LoginPresenter.swift */ = {isa = PBXFileReference; lastKnownFileType = sourcecode.swift; path = LoginPresenter.swift; sourceTree = "<group>"; };
		4108912A2AAF2FA10056AECE /* EmailValidator.swift */ = {isa = PBXFileReference; fileEncoding = 4; lastKnownFileType = sourcecode.swift; path = EmailValidator.swift; sourceTree = "<group>"; };
		4108912C2AAF306C0056AECE /* LoginViewModel.swift */ = {isa = PBXFileReference; lastKnownFileType = sourcecode.swift; path = LoginViewModel.swift; sourceTree = "<group>"; };
		410891302AAF31B20056AECE /* TextSource.swift */ = {isa = PBXFileReference; fileEncoding = 4; lastKnownFileType = sourcecode.swift; path = TextSource.swift; sourceTree = "<group>"; };
		410891312AAF31B20056AECE /* ImageSource.swift */ = {isa = PBXFileReference; fileEncoding = 4; lastKnownFileType = sourcecode.swift; path = ImageSource.swift; sourceTree = "<group>"; };
		410891372AAF31BC0056AECE /* UIImage+Additions.swift */ = {isa = PBXFileReference; fileEncoding = 4; lastKnownFileType = sourcecode.swift; path = "UIImage+Additions.swift"; sourceTree = "<group>"; };
		410891382AAF31BC0056AECE /* String+Additions.swift */ = {isa = PBXFileReference; fileEncoding = 4; lastKnownFileType = sourcecode.swift; path = "String+Additions.swift"; sourceTree = "<group>"; };
		4108913C2AAF31F10056AECE /* AssetProviderProtocol.swift */ = {isa = PBXFileReference; fileEncoding = 4; lastKnownFileType = sourcecode.swift; path = AssetProviderProtocol.swift; sourceTree = "<group>"; };
		4108913E2AAF361D0056AECE /* UIButton+Additions.swift */ = {isa = PBXFileReference; lastKnownFileType = sourcecode.swift; path = "UIButton+Additions.swift"; sourceTree = "<group>"; };
		410891402AAF39690056AECE /* KeyboardHandlerProtocol.swift */ = {isa = PBXFileReference; fileEncoding = 4; lastKnownFileType = sourcecode.swift; path = KeyboardHandlerProtocol.swift; sourceTree = "<group>"; };
		410891432AAF39F60056AECE /* LoginFlowCoordinator.swift */ = {isa = PBXFileReference; lastKnownFileType = sourcecode.swift; path = LoginFlowCoordinator.swift; sourceTree = "<group>"; };
		410891452AAF3A280056AECE /* AssetProvider.swift */ = {isa = PBXFileReference; fileEncoding = 4; lastKnownFileType = sourcecode.swift; path = AssetProvider.swift; sourceTree = "<group>"; };
		410891472AAF3A5A0056AECE /* FlowCoordinator.swift */ = {isa = PBXFileReference; fileEncoding = 4; lastKnownFileType = sourcecode.swift; path = FlowCoordinator.swift; sourceTree = "<group>"; };
		410891492AAF6CBB0056AECE /* GenericError.swift */ = {isa = PBXFileReference; fileEncoding = 4; lastKnownFileType = sourcecode.swift; path = GenericError.swift; sourceTree = "<group>"; };
		4108914B2AAFBC650056AECE /* Theme.swift */ = {isa = PBXFileReference; lastKnownFileType = sourcecode.swift; path = Theme.swift; sourceTree = "<group>"; };
		4108914E2AAFBCA30056AECE /* UITextField+Additions.swift */ = {isa = PBXFileReference; lastKnownFileType = sourcecode.swift; path = "UITextField+Additions.swift"; sourceTree = "<group>"; };
		410891502AAFBD930056AECE /* UIButton+Styling.swift */ = {isa = PBXFileReference; lastKnownFileType = sourcecode.swift; path = "UIButton+Styling.swift"; sourceTree = "<group>"; };
		410891522AAFBED10056AECE /* NSAttributedString+Additions.swift */ = {isa = PBXFileReference; lastKnownFileType = sourcecode.swift; path = "NSAttributedString+Additions.swift"; sourceTree = "<group>"; };
		4132C6A92AB0720600C00795 /* ProductsFlowCoordinator.swift */ = {isa = PBXFileReference; lastKnownFileType = sourcecode.swift; path = ProductsFlowCoordinator.swift; sourceTree = "<group>"; };
		4132C6AB2AB072CE00C00795 /* ProductsViewController.swift */ = {isa = PBXFileReference; lastKnownFileType = sourcecode.swift; path = ProductsViewController.swift; sourceTree = "<group>"; };
		4132C6AF2AB0738E00C00795 /* ProductTableViewCell.swift */ = {isa = PBXFileReference; lastKnownFileType = sourcecode.swift; path = ProductTableViewCell.swift; sourceTree = "<group>"; };
		4132C6B12AB0901400C00795 /* ProductCellViewModel.swift */ = {isa = PBXFileReference; lastKnownFileType = sourcecode.swift; path = ProductCellViewModel.swift; sourceTree = "<group>"; };
		4132C6B52AB0BAE400C00795 /* ProductTableViewCell.xib */ = {isa = PBXFileReference; lastKnownFileType = file.xib; path = ProductTableViewCell.xib; sourceTree = "<group>"; };
		4132C6B72AB0BD4500C00795 /* ProductsPresenter.swift */ = {isa = PBXFileReference; lastKnownFileType = sourcecode.swift; path = ProductsPresenter.swift; sourceTree = "<group>"; };
		4132C6B92AB0BF3500C00795 /* ProductsViewModel.swift */ = {isa = PBXFileReference; lastKnownFileType = sourcecode.swift; path = ProductsViewModel.swift; sourceTree = "<group>"; };
		4132C6BB2AB1B9EC00C00795 /* ProductsViewController.xib */ = {isa = PBXFileReference; lastKnownFileType = file.xib; path = ProductsViewController.xib; sourceTree = "<group>"; };
		4132C6BD2AB1D9D900C00795 /* Identifiable.swift */ = {isa = PBXFileReference; fileEncoding = 4; lastKnownFileType = sourcecode.swift; path = Identifiable.swift; sourceTree = "<group>"; };
		4132C6BF2AB1DA6D00C00795 /* UITableView+Additions.swift */ = {isa = PBXFileReference; fileEncoding = 4; lastKnownFileType = sourcecode.swift; path = "UITableView+Additions.swift"; sourceTree = "<group>"; };
		4132C6C12AB303F200C00795 /* UIColor+Additions.swift */ = {isa = PBXFileReference; lastKnownFileType = sourcecode.swift; path = "UIColor+Additions.swift"; sourceTree = "<group>"; };
		4132C6C42AB3155D00C00795 /* ProductsViewModelTests.swift */ = {isa = PBXFileReference; lastKnownFileType = sourcecode.swift; path = ProductsViewModelTests.swift; sourceTree = "<group>"; };
		417DC9722AB9F7D0003636A3 /* AppDelegate.swift */ = {isa = PBXFileReference; fileEncoding = 4; lastKnownFileType = sourcecode.swift; path = AppDelegate.swift; sourceTree = "<group>"; };
		417DC9752AB9F908003636A3 /* AccountViewController.swift */ = {isa = PBXFileReference; lastKnownFileType = sourcecode.swift; path = AccountViewController.swift; sourceTree = "<group>"; };
		417DC9772AB9F910003636A3 /* AccountViewController.xib */ = {isa = PBXFileReference; lastKnownFileType = file.xib; path = AccountViewController.xib; sourceTree = "<group>"; };
		417DC9792AB9F91D003636A3 /* AccountPresenter.swift */ = {isa = PBXFileReference; lastKnownFileType = sourcecode.swift; path = AccountPresenter.swift; sourceTree = "<group>"; };
		417DC97B2AB9F927003636A3 /* AccountViewModel.swift */ = {isa = PBXFileReference; lastKnownFileType = sourcecode.swift; path = AccountViewModel.swift; sourceTree = "<group>"; };
		417DC97D2ABA037E003636A3 /* NumberFormatter+Additions.swift */ = {isa = PBXFileReference; lastKnownFileType = sourcecode.swift; path = "NumberFormatter+Additions.swift"; sourceTree = "<group>"; };
		417DC97F2ABA1184003636A3 /* AccountViewModelTests.swift */ = {isa = PBXFileReference; lastKnownFileType = sourcecode.swift; path = AccountViewModelTests.swift; sourceTree = "<group>"; };
		B24EED92288ED5740016C233 /* Networking */ = {isa = PBXFileReference; lastKnownFileType = wrapper; path = Networking; sourceTree = "<group>"; };
		B2CA46C8279350880041B3A5 /* MoneyBox.app */ = {isa = PBXFileReference; explicitFileType = wrapper.application; includeInIndex = 0; path = MoneyBox.app; sourceTree = BUILT_PRODUCTS_DIR; };
		B2CA46D42793508A0041B3A5 /* Assets.xcassets */ = {isa = PBXFileReference; lastKnownFileType = folder.assetcatalog; path = Assets.xcassets; sourceTree = "<group>"; };
		B2CA46D72793508A0041B3A5 /* Base */ = {isa = PBXFileReference; lastKnownFileType = file.storyboard; name = Base; path = Base.lproj/LaunchScreen.storyboard; sourceTree = "<group>"; };
		B2CA46D92793508A0041B3A5 /* Info.plist */ = {isa = PBXFileReference; lastKnownFileType = text.plist.xml; path = Info.plist; sourceTree = "<group>"; };
		B2CA46DE2793508A0041B3A5 /* MoneyBoxTests.xctest */ = {isa = PBXFileReference; explicitFileType = wrapper.cfbundle; includeInIndex = 0; path = MoneyBoxTests.xctest; sourceTree = BUILT_PRODUCTS_DIR; };
		B2CA47662794D69A0041B3A5 /* StubData.swift */ = {isa = PBXFileReference; lastKnownFileType = sourcecode.swift; path = StubData.swift; sourceTree = "<group>"; };
		B2CA47692794D6D70041B3A5 /* LoginSucceed.json */ = {isa = PBXFileReference; lastKnownFileType = text.json; path = LoginSucceed.json; sourceTree = "<group>"; };
		B2CA47B2279604A10041B3A5 /* Accounts.json */ = {isa = PBXFileReference; lastKnownFileType = text.json; path = Accounts.json; sourceTree = "<group>"; };
/* End PBXFileReference section */

/* Begin PBXFrameworksBuildPhase section */
		B2CA46C5279350880041B3A5 /* Frameworks */ = {
			isa = PBXFrameworksBuildPhase;
			buildActionMask = 2147483647;
			files = (
				B26EF47828881E7F003BFDF2 /* Networking in Frameworks */,
			);
			runOnlyForDeploymentPostprocessing = 0;
		};
		B2CA46DB2793508A0041B3A5 /* Frameworks */ = {
			isa = PBXFrameworksBuildPhase;
			buildActionMask = 2147483647;
			files = (
			);
			runOnlyForDeploymentPostprocessing = 0;
		};
/* End PBXFrameworksBuildPhase section */

/* Begin PBXGroup section */
		410891212AAF27FC0056AECE /* Main Journeys */ = {
			isa = PBXGroup;
			children = (
				4132C6A72AB071EF00C00795 /* Accounts Flow */,
				410891422AAF39D60056AECE /* Login Flow */,
			);
			path = "Main Journeys";
			sourceTree = "<group>";
		};
		410891222AAF28050056AECE /* Login */ = {
			isa = PBXGroup;
			children = (
				410891232AAF28180056AECE /* LoginViewController.swift */,
				410891252AAF28200056AECE /* LoginViewController.xib */,
				410891272AAF283E0056AECE /* LoginPresenter.swift */,
				4108912C2AAF306C0056AECE /* LoginViewModel.swift */,
			);
			path = Login;
			sourceTree = "<group>";
		};
		410891292AAF2F3D0056AECE /* Objects */ = {
			isa = PBXGroup;
			children = (
				410891452AAF3A280056AECE /* AssetProvider.swift */,
				4108912A2AAF2FA10056AECE /* EmailValidator.swift */,
				4108914B2AAFBC650056AECE /* Theme.swift */,
			);
			path = Objects;
			sourceTree = "<group>";
		};
		4108912E2AAF31A40056AECE /* MBKit */ = {
			isa = PBXGroup;
			children = (
				410891362AAF31BC0056AECE /* Extensions */,
				4108912F2AAF31B20056AECE /* Objects */,
				4108913B2AAF31F10056AECE /* Protocols */,
			);
			path = MBKit;
			sourceTree = "<group>";
		};
		4108912F2AAF31B20056AECE /* Objects */ = {
			isa = PBXGroup;
			children = (
				410891492AAF6CBB0056AECE /* GenericError.swift */,
				410891302AAF31B20056AECE /* TextSource.swift */,
				410891312AAF31B20056AECE /* ImageSource.swift */,
			);
			path = Objects;
			sourceTree = "<group>";
		};
		410891362AAF31BC0056AECE /* Extensions */ = {
			isa = PBXGroup;
			children = (
				4108913E2AAF361D0056AECE /* UIButton+Additions.swift */,
				4132C6C12AB303F200C00795 /* UIColor+Additions.swift */,
				410891372AAF31BC0056AECE /* UIImage+Additions.swift */,
				4132C6BF2AB1DA6D00C00795 /* UITableView+Additions.swift */,
				410891382AAF31BC0056AECE /* String+Additions.swift */,
			);
			path = Extensions;
			sourceTree = "<group>";
		};
		4108913B2AAF31F10056AECE /* Protocols */ = {
			isa = PBXGroup;
			children = (
				4108913C2AAF31F10056AECE /* AssetProviderProtocol.swift */,
				4132C6BD2AB1D9D900C00795 /* Identifiable.swift */,
				410891472AAF3A5A0056AECE /* FlowCoordinator.swift */,
				410891402AAF39690056AECE /* KeyboardHandlerProtocol.swift */,
			);
			path = Protocols;
			sourceTree = "<group>";
		};
		410891422AAF39D60056AECE /* Login Flow */ = {
			isa = PBXGroup;
			children = (
				410891432AAF39F60056AECE /* LoginFlowCoordinator.swift */,
				410891222AAF28050056AECE /* Login */,
			);
			path = "Login Flow";
			sourceTree = "<group>";
		};
		4108914D2AAFBC860056AECE /* Extensions */ = {
			isa = PBXGroup;
			children = (
				410891502AAFBD930056AECE /* UIButton+Styling.swift */,
				4108914E2AAFBCA30056AECE /* UITextField+Additions.swift */,
				410891522AAFBED10056AECE /* NSAttributedString+Additions.swift */,
				417DC97D2ABA037E003636A3 /* NumberFormatter+Additions.swift */,
			);
			path = Extensions;
			sourceTree = "<group>";
		};
		4132C6A72AB071EF00C00795 /* Accounts Flow */ = {
			isa = PBXGroup;
			children = (
				4132C6A92AB0720600C00795 /* ProductsFlowCoordinator.swift */,
				4132C6A82AB071FB00C00795 /* Products */,
				417DC9742AB9F8F8003636A3 /* Account */,
			);
			path = "Accounts Flow";
			sourceTree = "<group>";
		};
		4132C6A82AB071FB00C00795 /* Products */ = {
			isa = PBXGroup;
			children = (
				4132C6AB2AB072CE00C00795 /* ProductsViewController.swift */,
				4132C6BB2AB1B9EC00C00795 /* ProductsViewController.xib */,
				4132C6B72AB0BD4500C00795 /* ProductsPresenter.swift */,
				4132C6B92AB0BF3500C00795 /* ProductsViewModel.swift */,
			);
			path = Products;
			sourceTree = "<group>";
		};
		4132C6AD2AB0737600C00795 /* Views */ = {
			isa = PBXGroup;
			children = (
				4132C6AE2AB0737F00C00795 /* ProductTableViewCell */,
			);
			path = Views;
			sourceTree = "<group>";
		};
		4132C6AE2AB0737F00C00795 /* ProductTableViewCell */ = {
			isa = PBXGroup;
			children = (
				4132C6AF2AB0738E00C00795 /* ProductTableViewCell.swift */,
				4132C6B52AB0BAE400C00795 /* ProductTableViewCell.xib */,
				4132C6B12AB0901400C00795 /* ProductCellViewModel.swift */,
			);
			path = ProductTableViewCell;
			sourceTree = "<group>";
		};
		4132C6C32AB3154000C00795 /* ViewModels */ = {
			isa = PBXGroup;
			children = (
				4132C6C42AB3155D00C00795 /* ProductsViewModelTests.swift */,
				417DC97F2ABA1184003636A3 /* AccountViewModelTests.swift */,
			);
			path = ViewModels;
			sourceTree = "<group>";
		};
		417DC9742AB9F8F8003636A3 /* Account */ = {
			isa = PBXGroup;
			children = (
				417DC9752AB9F908003636A3 /* AccountViewController.swift */,
				417DC9772AB9F910003636A3 /* AccountViewController.xib */,
				417DC9792AB9F91D003636A3 /* AccountPresenter.swift */,
				417DC97B2AB9F927003636A3 /* AccountViewModel.swift */,
			);
			path = Account;
			sourceTree = "<group>";
		};
		B2CA46BF279350880041B3A5 = {
			isa = PBXGroup;
			children = (
				B2DEEA31288818470030A8F2 /* Packages */,
				B2CA46CA279350880041B3A5 /* MoneyBox */,
				4108912E2AAF31A40056AECE /* MBKit */,
				B2CA46E12793508A0041B3A5 /* MoneyBoxTests */,
				B2CA46C9279350880041B3A5 /* Products */,
			);
			sourceTree = "<group>";
		};
		B2CA46C9279350880041B3A5 /* Products */ = {
			isa = PBXGroup;
			children = (
				B2CA46C8279350880041B3A5 /* MoneyBox.app */,
				B2CA46DE2793508A0041B3A5 /* MoneyBoxTests.xctest */,
			);
			name = Products;
			sourceTree = "<group>";
		};
		B2CA46CA279350880041B3A5 /* MoneyBox */ = {
			isa = PBXGroup;
			children = (
				4108911B2AAF241D0056AECE /* main.swift */,
				417DC9722AB9F7D0003636A3 /* AppDelegate.swift */,
				4108911D2AAF24430056AECE /* AppCoordinator.swift */,
				410891212AAF27FC0056AECE /* Main Journeys */,
				4108914D2AAFBC860056AECE /* Extensions */,
				410891292AAF2F3D0056AECE /* Objects */,
				4132C6AD2AB0737600C00795 /* Views */,
				B2CA46D42793508A0041B3A5 /* Assets.xcassets */,
				B2CA46D62793508A0041B3A5 /* LaunchScreen.storyboard */,
				B2CA46D92793508A0041B3A5 /* Info.plist */,
			);
			path = MoneyBox;
			sourceTree = "<group>";
		};
		B2CA46E12793508A0041B3A5 /* MoneyBoxTests */ = {
			isa = PBXGroup;
			children = (
				4132C6C32AB3154000C00795 /* ViewModels */,
				B2CA47662794D69A0041B3A5 /* StubData.swift */,
				B2CA47682794D6AC0041B3A5 /* ResponseJsons */,
			);
			path = MoneyBoxTests;
			sourceTree = "<group>";
		};
		B2CA47682794D6AC0041B3A5 /* ResponseJsons */ = {
			isa = PBXGroup;
			children = (
				B2CA47692794D6D70041B3A5 /* LoginSucceed.json */,
				B2CA47B2279604A10041B3A5 /* Accounts.json */,
			);
			path = ResponseJsons;
			sourceTree = "<group>";
		};
		B2DEEA31288818470030A8F2 /* Packages */ = {
			isa = PBXGroup;
			children = (
				B24EED92288ED5740016C233 /* Networking */,
			);
			name = Packages;
			sourceTree = "<group>";
		};
/* End PBXGroup section */

/* Begin PBXNativeTarget section */
		B2CA46C7279350880041B3A5 /* MoneyBox */ = {
			isa = PBXNativeTarget;
			buildConfigurationList = B2CA46F22793508A0041B3A5 /* Build configuration list for PBXNativeTarget "MoneyBox" */;
			buildPhases = (
				B2CA46C4279350880041B3A5 /* Sources */,
				B2CA46C5279350880041B3A5 /* Frameworks */,
				B2CA46C6279350880041B3A5 /* Resources */,
			);
			buildRules = (
			);
			dependencies = (
			);
			name = MoneyBox;
			packageProductDependencies = (
				B26EF47728881E7F003BFDF2 /* Networking */,
			);
			productName = MoneyBox;
			productReference = B2CA46C8279350880041B3A5 /* MoneyBox.app */;
			productType = "com.apple.product-type.application";
		};
		B2CA46DD2793508A0041B3A5 /* MoneyBoxTests */ = {
			isa = PBXNativeTarget;
			buildConfigurationList = B2CA46F52793508A0041B3A5 /* Build configuration list for PBXNativeTarget "MoneyBoxTests" */;
			buildPhases = (
				B2CA46DA2793508A0041B3A5 /* Sources */,
				B2CA46DB2793508A0041B3A5 /* Frameworks */,
				B2CA46DC2793508A0041B3A5 /* Resources */,
			);
			buildRules = (
			);
			dependencies = (
				B2CA46E02793508A0041B3A5 /* PBXTargetDependency */,
			);
			name = MoneyBoxTests;
			productName = MoneyBoxTests;
			productReference = B2CA46DE2793508A0041B3A5 /* MoneyBoxTests.xctest */;
			productType = "com.apple.product-type.bundle.unit-test";
		};
/* End PBXNativeTarget section */

/* Begin PBXProject section */
		B2CA46C0279350880041B3A5 /* Project object */ = {
			isa = PBXProject;
			attributes = {
				BuildIndependentTargetsInParallel = 1;
				LastSwiftUpdateCheck = 1320;
				LastUpgradeCheck = 1320;
				TargetAttributes = {
					B2CA46C7279350880041B3A5 = {
						CreatedOnToolsVersion = 13.2.1;
					};
					B2CA46DD2793508A0041B3A5 = {
						CreatedOnToolsVersion = 13.2.1;
						TestTargetID = B2CA46C7279350880041B3A5;
					};
				};
			};
			buildConfigurationList = B2CA46C3279350880041B3A5 /* Build configuration list for PBXProject "MoneyBox" */;
			compatibilityVersion = "Xcode 13.0";
			developmentRegion = en;
			hasScannedForEncodings = 0;
			knownRegions = (
				en,
				Base,
			);
			mainGroup = B2CA46BF279350880041B3A5;
			packageReferences = (
			);
			productRefGroup = B2CA46C9279350880041B3A5 /* Products */;
			projectDirPath = "";
			projectRoot = "";
			targets = (
				B2CA46C7279350880041B3A5 /* MoneyBox */,
				B2CA46DD2793508A0041B3A5 /* MoneyBoxTests */,
			);
		};
/* End PBXProject section */

/* Begin PBXResourcesBuildPhase section */
		B2CA46C6279350880041B3A5 /* Resources */ = {
			isa = PBXResourcesBuildPhase;
			buildActionMask = 2147483647;
			files = (
				410891262AAF28200056AECE /* LoginViewController.xib in Resources */,
				4132C6B62AB0BAE400C00795 /* ProductTableViewCell.xib in Resources */,
				B2CA46D82793508A0041B3A5 /* LaunchScreen.storyboard in Resources */,
				4132C6BC2AB1B9EC00C00795 /* ProductsViewController.xib in Resources */,
				B2CA47712794D8E50041B3A5 /* LoginSucceed.json in Resources */,
				B2CA46D52793508A0041B3A5 /* Assets.xcassets in Resources */,
				417DC9782AB9F910003636A3 /* AccountViewController.xib in Resources */,
				B2CA47B42796052F0041B3A5 /* Accounts.json in Resources */,
			);
			runOnlyForDeploymentPostprocessing = 0;
		};
		B2CA46DC2793508A0041B3A5 /* Resources */ = {
			isa = PBXResourcesBuildPhase;
			buildActionMask = 2147483647;
			files = (
			);
			runOnlyForDeploymentPostprocessing = 0;
		};
/* End PBXResourcesBuildPhase section */

/* Begin PBXSourcesBuildPhase section */
		B2CA46C4279350880041B3A5 /* Sources */ = {
			isa = PBXSourcesBuildPhase;
			buildActionMask = 2147483647;
			files = (
				410891392AAF31BC0056AECE /* UIImage+Additions.swift in Sources */,
				410891242AAF28180056AECE /* LoginViewController.swift in Sources */,
				417DC9762AB9F908003636A3 /* AccountViewController.swift in Sources */,
				4108913A2AAF31BC0056AECE /* String+Additions.swift in Sources */,
				4132C6B02AB0738E00C00795 /* ProductTableViewCell.swift in Sources */,
				410891532AAFBED10056AECE /* NSAttributedString+Additions.swift in Sources */,
				410891332AAF31B20056AECE /* TextSource.swift in Sources */,
				4132C6B82AB0BD4500C00795 /* ProductsPresenter.swift in Sources */,
				4108911E2AAF24430056AECE /* AppCoordinator.swift in Sources */,
				4108914A2AAF6CBB0056AECE /* GenericError.swift in Sources */,
				4108914F2AAFBCA30056AECE /* UITextField+Additions.swift in Sources */,
				410891342AAF31B20056AECE /* ImageSource.swift in Sources */,
				410891412AAF39690056AECE /* KeyboardHandlerProtocol.swift in Sources */,
				4132C6BE2AB1D9D900C00795 /* Identifiable.swift in Sources */,
				4132C6B22AB0901400C00795 /* ProductCellViewModel.swift in Sources */,
				4108913D2AAF31F10056AECE /* AssetProviderProtocol.swift in Sources */,
				410891462AAF3A280056AECE /* AssetProvider.swift in Sources */,
				410891482AAF3A5A0056AECE /* FlowCoordinator.swift in Sources */,
				410891442AAF39F60056AECE /* LoginFlowCoordinator.swift in Sources */,
				4132C6AA2AB0720600C00795 /* ProductsFlowCoordinator.swift in Sources */,
				4108914C2AAFBC650056AECE /* Theme.swift in Sources */,
				4108913F2AAF361D0056AECE /* UIButton+Additions.swift in Sources */,
				4108911C2AAF241D0056AECE /* main.swift in Sources */,
				417DC97E2ABA037E003636A3 /* NumberFormatter+Additions.swift in Sources */,
				417DC9732AB9F7D0003636A3 /* AppDelegate.swift in Sources */,
				4132C6BA2AB0BF3500C00795 /* ProductsViewModel.swift in Sources */,
				417DC97A2AB9F91D003636A3 /* AccountPresenter.swift in Sources */,
				410891282AAF283E0056AECE /* LoginPresenter.swift in Sources */,
				4132C6C22AB303F200C00795 /* UIColor+Additions.swift in Sources */,
				410891512AAFBD930056AECE /* UIButton+Styling.swift in Sources */,
				4108912B2AAF2FA20056AECE /* EmailValidator.swift in Sources */,
				4132C6AC2AB072CE00C00795 /* ProductsViewController.swift in Sources */,
				4132C6C02AB1DA6D00C00795 /* UITableView+Additions.swift in Sources */,
				417DC97C2AB9F927003636A3 /* AccountViewModel.swift in Sources */,
				4108912D2AAF306C0056AECE /* LoginViewModel.swift in Sources */,
			);
			runOnlyForDeploymentPostprocessing = 0;
		};
		B2CA46DA2793508A0041B3A5 /* Sources */ = {
			isa = PBXSourcesBuildPhase;
			buildActionMask = 2147483647;
			files = (
				417DC9802ABA1184003636A3 /* AccountViewModelTests.swift in Sources */,
				4132C6C52AB3155D00C00795 /* ProductsViewModelTests.swift in Sources */,
				B2CA47672794D69A0041B3A5 /* StubData.swift in Sources */,
			);
			runOnlyForDeploymentPostprocessing = 0;
		};
/* End PBXSourcesBuildPhase section */

/* Begin PBXTargetDependency section */
		B2CA46E02793508A0041B3A5 /* PBXTargetDependency */ = {
			isa = PBXTargetDependency;
			target = B2CA46C7279350880041B3A5 /* MoneyBox */;
			targetProxy = B2CA46DF2793508A0041B3A5 /* PBXContainerItemProxy */;
		};
/* End PBXTargetDependency section */

/* Begin PBXVariantGroup section */
		B2CA46D62793508A0041B3A5 /* LaunchScreen.storyboard */ = {
			isa = PBXVariantGroup;
			children = (
				B2CA46D72793508A0041B3A5 /* Base */,
			);
			name = LaunchScreen.storyboard;
			sourceTree = "<group>";
		};
/* End PBXVariantGroup section */

/* Begin XCBuildConfiguration section */
		B2CA46F02793508A0041B3A5 /* Debug */ = {
			isa = XCBuildConfiguration;
			buildSettings = {
				ALWAYS_SEARCH_USER_PATHS = NO;
				CLANG_ANALYZER_NONNULL = YES;
				CLANG_ANALYZER_NUMBER_OBJECT_CONVERSION = YES_AGGRESSIVE;
				CLANG_CXX_LANGUAGE_STANDARD = "gnu++17";
				CLANG_CXX_LIBRARY = "libc++";
				CLANG_ENABLE_MODULES = YES;
				CLANG_ENABLE_OBJC_ARC = YES;
				CLANG_ENABLE_OBJC_WEAK = YES;
				CLANG_WARN_BLOCK_CAPTURE_AUTORELEASING = YES;
				CLANG_WARN_BOOL_CONVERSION = YES;
				CLANG_WARN_COMMA = YES;
				CLANG_WARN_CONSTANT_CONVERSION = YES;
				CLANG_WARN_DEPRECATED_OBJC_IMPLEMENTATIONS = YES;
				CLANG_WARN_DIRECT_OBJC_ISA_USAGE = YES_ERROR;
				CLANG_WARN_DOCUMENTATION_COMMENTS = YES;
				CLANG_WARN_EMPTY_BODY = YES;
				CLANG_WARN_ENUM_CONVERSION = YES;
				CLANG_WARN_INFINITE_RECURSION = YES;
				CLANG_WARN_INT_CONVERSION = YES;
				CLANG_WARN_NON_LITERAL_NULL_CONVERSION = YES;
				CLANG_WARN_OBJC_IMPLICIT_RETAIN_SELF = YES;
				CLANG_WARN_OBJC_LITERAL_CONVERSION = YES;
				CLANG_WARN_OBJC_ROOT_CLASS = YES_ERROR;
				CLANG_WARN_QUOTED_INCLUDE_IN_FRAMEWORK_HEADER = YES;
				CLANG_WARN_RANGE_LOOP_ANALYSIS = YES;
				CLANG_WARN_STRICT_PROTOTYPES = YES;
				CLANG_WARN_SUSPICIOUS_MOVE = YES;
				CLANG_WARN_UNGUARDED_AVAILABILITY = YES_AGGRESSIVE;
				CLANG_WARN_UNREACHABLE_CODE = YES;
				CLANG_WARN__DUPLICATE_METHOD_MATCH = YES;
				COPY_PHASE_STRIP = NO;
				DEBUG_INFORMATION_FORMAT = dwarf;
				ENABLE_STRICT_OBJC_MSGSEND = YES;
				ENABLE_TESTABILITY = YES;
				GCC_C_LANGUAGE_STANDARD = gnu11;
				GCC_DYNAMIC_NO_PIC = NO;
				GCC_NO_COMMON_BLOCKS = YES;
				GCC_OPTIMIZATION_LEVEL = 0;
				GCC_PREPROCESSOR_DEFINITIONS = (
					"DEBUG=1",
					"$(inherited)",
				);
				GCC_WARN_64_TO_32_BIT_CONVERSION = YES;
				GCC_WARN_ABOUT_RETURN_TYPE = YES_ERROR;
				GCC_WARN_UNDECLARED_SELECTOR = YES;
				GCC_WARN_UNINITIALIZED_AUTOS = YES_AGGRESSIVE;
				GCC_WARN_UNUSED_FUNCTION = YES;
				GCC_WARN_UNUSED_VARIABLE = YES;
				IPHONEOS_DEPLOYMENT_TARGET = 11.0;
				MTL_ENABLE_DEBUG_INFO = INCLUDE_SOURCE;
				MTL_FAST_MATH = YES;
				ONLY_ACTIVE_ARCH = YES;
				SDKROOT = iphoneos;
				SWIFT_ACTIVE_COMPILATION_CONDITIONS = DEBUG;
				SWIFT_OPTIMIZATION_LEVEL = "-Onone";
			};
			name = Debug;
		};
		B2CA46F12793508A0041B3A5 /* Release */ = {
			isa = XCBuildConfiguration;
			buildSettings = {
				ALWAYS_SEARCH_USER_PATHS = NO;
				CLANG_ANALYZER_NONNULL = YES;
				CLANG_ANALYZER_NUMBER_OBJECT_CONVERSION = YES_AGGRESSIVE;
				CLANG_CXX_LANGUAGE_STANDARD = "gnu++17";
				CLANG_CXX_LIBRARY = "libc++";
				CLANG_ENABLE_MODULES = YES;
				CLANG_ENABLE_OBJC_ARC = YES;
				CLANG_ENABLE_OBJC_WEAK = YES;
				CLANG_WARN_BLOCK_CAPTURE_AUTORELEASING = YES;
				CLANG_WARN_BOOL_CONVERSION = YES;
				CLANG_WARN_COMMA = YES;
				CLANG_WARN_CONSTANT_CONVERSION = YES;
				CLANG_WARN_DEPRECATED_OBJC_IMPLEMENTATIONS = YES;
				CLANG_WARN_DIRECT_OBJC_ISA_USAGE = YES_ERROR;
				CLANG_WARN_DOCUMENTATION_COMMENTS = YES;
				CLANG_WARN_EMPTY_BODY = YES;
				CLANG_WARN_ENUM_CONVERSION = YES;
				CLANG_WARN_INFINITE_RECURSION = YES;
				CLANG_WARN_INT_CONVERSION = YES;
				CLANG_WARN_NON_LITERAL_NULL_CONVERSION = YES;
				CLANG_WARN_OBJC_IMPLICIT_RETAIN_SELF = YES;
				CLANG_WARN_OBJC_LITERAL_CONVERSION = YES;
				CLANG_WARN_OBJC_ROOT_CLASS = YES_ERROR;
				CLANG_WARN_QUOTED_INCLUDE_IN_FRAMEWORK_HEADER = YES;
				CLANG_WARN_RANGE_LOOP_ANALYSIS = YES;
				CLANG_WARN_STRICT_PROTOTYPES = YES;
				CLANG_WARN_SUSPICIOUS_MOVE = YES;
				CLANG_WARN_UNGUARDED_AVAILABILITY = YES_AGGRESSIVE;
				CLANG_WARN_UNREACHABLE_CODE = YES;
				CLANG_WARN__DUPLICATE_METHOD_MATCH = YES;
				COPY_PHASE_STRIP = NO;
				DEBUG_INFORMATION_FORMAT = "dwarf-with-dsym";
				ENABLE_NS_ASSERTIONS = NO;
				ENABLE_STRICT_OBJC_MSGSEND = YES;
				GCC_C_LANGUAGE_STANDARD = gnu11;
				GCC_NO_COMMON_BLOCKS = YES;
				GCC_WARN_64_TO_32_BIT_CONVERSION = YES;
				GCC_WARN_ABOUT_RETURN_TYPE = YES_ERROR;
				GCC_WARN_UNDECLARED_SELECTOR = YES;
				GCC_WARN_UNINITIALIZED_AUTOS = YES_AGGRESSIVE;
				GCC_WARN_UNUSED_FUNCTION = YES;
				GCC_WARN_UNUSED_VARIABLE = YES;
				IPHONEOS_DEPLOYMENT_TARGET = 11.0;
				MTL_ENABLE_DEBUG_INFO = NO;
				MTL_FAST_MATH = YES;
				SDKROOT = iphoneos;
				SWIFT_COMPILATION_MODE = wholemodule;
				SWIFT_OPTIMIZATION_LEVEL = "-O";
				VALIDATE_PRODUCT = YES;
			};
			name = Release;
		};
		B2CA46F32793508A0041B3A5 /* Debug */ = {
			isa = XCBuildConfiguration;
			buildSettings = {
				ASSETCATALOG_COMPILER_APPICON_NAME = AppIcon;
				ASSETCATALOG_COMPILER_GLOBAL_ACCENT_COLOR_NAME = AccentColor;
				CODE_SIGN_STYLE = Manual;
				CURRENT_PROJECT_VERSION = 1;
				DEVELOPMENT_TEAM = "";
				GENERATE_INFOPLIST_FILE = YES;
				INFOPLIST_FILE = MoneyBox/Info.plist;
				INFOPLIST_KEY_UIApplicationSupportsIndirectInputEvents = YES;
				INFOPLIST_KEY_UILaunchStoryboardName = "";
				INFOPLIST_KEY_UISupportedInterfaceOrientations = UIInterfaceOrientationPortrait;
				INFOPLIST_KEY_UISupportedInterfaceOrientations_iPad = "UIInterfaceOrientationLandscapeLeft UIInterfaceOrientationLandscapeRight UIInterfaceOrientationPortrait UIInterfaceOrientationPortraitUpsideDown";
				IPHONEOS_DEPLOYMENT_TARGET = 13.0;
				LD_RUNPATH_SEARCH_PATHS = (
					"$(inherited)",
					"@executable_path/Frameworks",
				);
				MARKETING_VERSION = 1.0;
				PRODUCT_BUNDLE_IDENTIFIER = moneybox;
				PRODUCT_NAME = "$(TARGET_NAME)";
				PROVISIONING_PROFILE_SPECIFIER = "";
				SWIFT_EMIT_LOC_STRINGS = YES;
				SWIFT_VERSION = 5.0;
				TARGETED_DEVICE_FAMILY = 1;
			};
			name = Debug;
		};
		B2CA46F42793508A0041B3A5 /* Release */ = {
			isa = XCBuildConfiguration;
			buildSettings = {
				ASSETCATALOG_COMPILER_APPICON_NAME = AppIcon;
				ASSETCATALOG_COMPILER_GLOBAL_ACCENT_COLOR_NAME = AccentColor;
				CODE_SIGN_STYLE = Manual;
				CURRENT_PROJECT_VERSION = 1;
				DEVELOPMENT_TEAM = "";
				GENERATE_INFOPLIST_FILE = YES;
				INFOPLIST_FILE = MoneyBox/Info.plist;
				INFOPLIST_KEY_UIApplicationSupportsIndirectInputEvents = YES;
				INFOPLIST_KEY_UILaunchStoryboardName = "";
				INFOPLIST_KEY_UISupportedInterfaceOrientations = UIInterfaceOrientationPortrait;
				INFOPLIST_KEY_UISupportedInterfaceOrientations_iPad = "UIInterfaceOrientationLandscapeLeft UIInterfaceOrientationLandscapeRight UIInterfaceOrientationPortrait UIInterfaceOrientationPortraitUpsideDown";
				IPHONEOS_DEPLOYMENT_TARGET = 13.0;
				LD_RUNPATH_SEARCH_PATHS = (
					"$(inherited)",
					"@executable_path/Frameworks",
				);
				MARKETING_VERSION = 1.0;
				PRODUCT_BUNDLE_IDENTIFIER = moneybox;
				PRODUCT_NAME = "$(TARGET_NAME)";
				PROVISIONING_PROFILE_SPECIFIER = "";
				SWIFT_EMIT_LOC_STRINGS = YES;
				SWIFT_VERSION = 5.0;
				TARGETED_DEVICE_FAMILY = 1;
			};
			name = Release;
		};
		B2CA46F62793508A0041B3A5 /* Debug */ = {
			isa = XCBuildConfiguration;
			buildSettings = {
				ALWAYS_EMBED_SWIFT_STANDARD_LIBRARIES = YES;
				BUNDLE_LOADER = "$(TEST_HOST)";
				CODE_SIGN_STYLE = Automatic;
				CURRENT_PROJECT_VERSION = 1;
				DEVELOPMENT_TEAM = 7DM2UT7C8G;
				GENERATE_INFOPLIST_FILE = YES;
				IPHONEOS_DEPLOYMENT_TARGET = 15.2;
				MARKETING_VERSION = 1.0;
				PRODUCT_BUNDLE_IDENTIFIER = kara.MoneyBoxTests;
				PRODUCT_NAME = "$(TARGET_NAME)";
				SWIFT_EMIT_LOC_STRINGS = NO;
				SWIFT_VERSION = 5.0;
				TARGETED_DEVICE_FAMILY = "1,2";
				TEST_HOST = "$(BUILT_PRODUCTS_DIR)/MoneyBox.app/MoneyBox";
			};
			name = Debug;
		};
		B2CA46F72793508A0041B3A5 /* Release */ = {
			isa = XCBuildConfiguration;
			buildSettings = {
				ALWAYS_EMBED_SWIFT_STANDARD_LIBRARIES = YES;
				BUNDLE_LOADER = "$(TEST_HOST)";
				CODE_SIGN_STYLE = Automatic;
				CURRENT_PROJECT_VERSION = 1;
				DEVELOPMENT_TEAM = 7DM2UT7C8G;
				GENERATE_INFOPLIST_FILE = YES;
				IPHONEOS_DEPLOYMENT_TARGET = 15.2;
				MARKETING_VERSION = 1.0;
				PRODUCT_BUNDLE_IDENTIFIER = kara.MoneyBoxTests;
				PRODUCT_NAME = "$(TARGET_NAME)";
				SWIFT_EMIT_LOC_STRINGS = NO;
				SWIFT_VERSION = 5.0;
				TARGETED_DEVICE_FAMILY = "1,2";
				TEST_HOST = "$(BUILT_PRODUCTS_DIR)/MoneyBox.app/MoneyBox";
			};
			name = Release;
		};
/* End XCBuildConfiguration section */

/* Begin XCConfigurationList section */
		B2CA46C3279350880041B3A5 /* Build configuration list for PBXProject "MoneyBox" */ = {
			isa = XCConfigurationList;
			buildConfigurations = (
				B2CA46F02793508A0041B3A5 /* Debug */,
				B2CA46F12793508A0041B3A5 /* Release */,
			);
			defaultConfigurationIsVisible = 0;
			defaultConfigurationName = Release;
		};
		B2CA46F22793508A0041B3A5 /* Build configuration list for PBXNativeTarget "MoneyBox" */ = {
			isa = XCConfigurationList;
			buildConfigurations = (
				B2CA46F32793508A0041B3A5 /* Debug */,
				B2CA46F42793508A0041B3A5 /* Release */,
			);
			defaultConfigurationIsVisible = 0;
			defaultConfigurationName = Release;
		};
		B2CA46F52793508A0041B3A5 /* Build configuration list for PBXNativeTarget "MoneyBoxTests" */ = {
			isa = XCConfigurationList;
			buildConfigurations = (
				B2CA46F62793508A0041B3A5 /* Debug */,
				B2CA46F72793508A0041B3A5 /* Release */,
			);
			defaultConfigurationIsVisible = 0;
			defaultConfigurationName = Release;
		};
/* End XCConfigurationList section */

/* Begin XCSwiftPackageProductDependency section */
		B26EF47728881E7F003BFDF2 /* Networking */ = {
			isa = XCSwiftPackageProductDependency;
			productName = Networking;
		};
/* End XCSwiftPackageProductDependency section */
	};
	rootObject = B2CA46C0279350880041B3A5 /* Project object */;
}
